lockfileVersion: '9.0'

settings:
  autoInstallPeers: true
  excludeLinksFromLockfile: false

importers:

  .:
    dependencies:
      typescript:
        specifier: ^5.8.3
        version: 5.8.3

  apps/website:
    dependencies:
      '@lixiaohupersonal/utils':
        specifier: workspace:*
        version: link:../../packages/utils

  packages/components:
    dependencies:
      '@lixiaohupersonal/utils':
        specifier: workspace:*
        version: link:../utils

  packages/utils:
    dependencies:
      lodash:
        specifier: ^4.17.21
        version: 4.17.21

packages:

  lodash@4.17.21:
    resolution: {integrity: sha512-v2kDEe57lecTulaDIuNTPy3Ry4gLGJ6Z1O3vE1krgXZNrsQ+LFTGHVxVjcXPs17LhbZVGedAJv8XZ1tvj5FvSg==}

  typescript@5.8.3:
    resolution: {integrity: sha512-p1diW6TqL9L07nNxvRMM7hMMw4c5XOo/1ibL4aAIGmSAt9slTE1Xgw5KWuof2uTOvCg9BY7ZRi+GaF+7sfgPeQ==}
    engines: {node: '>=14.17'}
    hasBin: true

snapshots:

  lodash@4.17.21: {}

  typescript@5.8.3: {}
